skills:
  nuxt-skilld:
    packageName: nuxt
    version: 4.4.2
    repo: nuxt/nuxt
    source: 'https://nuxt.com/llms.txt'
    syncedAt: 2026-03-23
    generator: skilld
  nuxt-devtools-kit-skilld:
    packageName: '@nuxt/devtools-kit'
    version: 4.0.0-alpha.3
    repo: nuxt/devtools
    source: 'https://github.com/nuxt/devtools/tree/v4.0.0-alpha.3/docs'
    syncedAt: 2026-03-24
    generator: skilld
  nuxt-fonts-skilld:
    packageName: '@nuxt/fonts'
    version: 0.14.0
    repo: nuxt/fonts
    source: 'https://fonts.nuxt.com/llms.txt'
    syncedAt: 2026-03-26
    generator: skilld
